
Microsoft Visual Studio Solution File, Format Version 12.00
# Visual Studio Version 17
VisualStudioVersion = 17.0.32112.339
MinimumVisualStudioVersion = 10.0.40219.1
Project("{FAE04EC0-301F-11D3-BF4B-00C04F79EFBC}") = "ShopOnline.Web", "ShopOnline.Web\ShopOnline.Web.csproj", "{48B15C68-73E9-4D3A-860D-3D3DAD495579}"
EndProject
Project("{FAE04EC0-301F-11D3-BF4B-00C04F79EFBC}") = "ShopOnline.Api", "ShopOnline.Api\ShopOnline.Api.csproj", "{7ABB1EE3-8D56-4078-A0CF-30B765326154}"
EndProject
Global
	GlobalSection(SolutionConfigurationPlatforms) = preSolution
		Debug|Any CPU = Debug|Any CPU
		Release|Any CPU = Release|Any CPU
	EndGlobalSection
	GlobalSection(ProjectConfigurationPlatforms) = postSolution
		{48B15C68-73E9-4D3A-860D-3D3DAD495579}.Debug|Any CPU.ActiveCfg = Debug|Any CPU
		{48B15C68-73E9-4D3A-860D-3D3DAD495579}.Debug|Any CPU.Build.0 = Debug|Any CPU
		{48B15C68-73E9-4D3A-860D-3D3DAD495579}.Release|Any CPU.ActiveCfg = Release|Any CPU
		{48B15C68-73E9-4D3A-860D-3D3DAD495579}.Release|Any CPU.Build.0 = Release|Any CPU
		{7ABB1EE3-8D56-4078-A0CF-30B765326154}.Debug|Any CPU.ActiveCfg = Debug|Any CPU
		{7ABB1EE3-8D56-4078-A0CF-30B765326154}.Debug|Any CPU.Build.0 = Debug|Any CPU
		{7ABB1EE3-8D56-4078-A0CF-30B765326154}.Release|Any CPU.ActiveCfg = Release|Any CPU
		{7ABB1EE3-8D56-4078-A0CF-30B765326154}.Release|Any CPU.Build.0 = Release|Any CPU
	EndGlobalSection
	GlobalSection(SolutionProperties) = preSolution
		HideSolutionNode = FALSE
	EndGlobalSection
	GlobalSection(ExtensibilityGlobals) = postSolution
		SolutionGuid = {D8E83AB6-0889-4F7C-BDC4-015867C382D2}
	EndGlobalSection
EndGlobal
